// !$*UTF8*$!
{
	archiveVersion = 1;
	classes = {
	};
	objectVersion = 50;
	objects = {

/* Begin PBXBuildFile section */
		CA0698A38E3D879F4894E9A8 /* Pods_DoorDash.framework in Frameworks */ = {isa = PBXBuildFile; fileRef = 684B1BB33D67348123B052EE /* Pods_DoorDash.framework */; };
		E8408E6821881B56009548E1 /* Localizable.strings in Resources */ = {isa = PBXBuildFile; fileRef = E8408E6621881B56009548E1 /* Localizable.strings */; };
		E8C4FDE121883F8200434747 /* StoreBasicInfo.swift in Sources */ = {isa = PBXBuildFile; fileRef = E8C4FDE021883F8200434747 /* StoreBasicInfo.swift */; };
		E8C4FDE92188433500434747 /* StoreBasicInfoTests.swift in Sources */ = {isa = PBXBuildFile; fileRef = E8C4FDE82188433500434747 /* StoreBasicInfoTests.swift */; };
		E8C4FDEC2188464D00434747 /* StoreListViewModelTests.swift in Sources */ = {isa = PBXBuildFile; fileRef = E8C4FDEB2188464D00434747 /* StoreListViewModelTests.swift */; };
		E8C4FDF021884DE600434747 /* StoreListOperationsFactory.swift in Sources */ = {isa = PBXBuildFile; fileRef = E8C4FDEF21884DE600434747 /* StoreListOperationsFactory.swift */; };
		E8D7B76721857B5000A46580 /* AppDelegate.swift in Sources */ = {isa = PBXBuildFile; fileRef = E8D7B76621857B5000A46580 /* AppDelegate.swift */; };
		E8D7B76921857B5000A46580 /* SearchAddressViewController.swift in Sources */ = {isa = PBXBuildFile; fileRef = E8D7B76821857B5000A46580 /* SearchAddressViewController.swift */; };
		E8D7B76C21857B5000A46580 /* Main.storyboard in Resources */ = {isa = PBXBuildFile; fileRef = E8D7B76A21857B5000A46580 /* Main.storyboard */; };
		E8D7B76E21857B5100A46580 /* Assets.xcassets in Resources */ = {isa = PBXBuildFile; fileRef = E8D7B76D21857B5100A46580 /* Assets.xcassets */; };
		E8D7B77121857B5100A46580 /* LaunchScreen.storyboard in Resources */ = {isa = PBXBuildFile; fileRef = E8D7B76F21857B5100A46580 /* LaunchScreen.storyboard */; };
		E8DFDC2E218599AD002C21E0 /* NearByStoreListViewController.swift in Sources */ = {isa = PBXBuildFile; fileRef = E8DFDC2D218599AD002C21E0 /* NearByStoreListViewController.swift */; };
		E8DFDC3321865076002C21E0 /* StoreViewCell.swift in Sources */ = {isa = PBXBuildFile; fileRef = E8DFDC3121865076002C21E0 /* StoreViewCell.swift */; };
		E8DFDC3821867AE7002C21E0 /* StoreListViewModel.swift in Sources */ = {isa = PBXBuildFile; fileRef = E8DFDC3721867AE7002C21E0 /* StoreListViewModel.swift */; };
		E8EB46512188637B0048D8FB /* StoreListOperationsFactoryTests.swift in Sources */ = {isa = PBXBuildFile; fileRef = E8EB46502188637B0048D8FB /* StoreListOperationsFactoryTests.swift */; };
/* End PBXBuildFile section */

/* Begin PBXContainerItemProxy section */
		E8408E7221882CCE009548E1 /* PBXContainerItemProxy */ = {
			isa = PBXContainerItemProxy;
			containerPortal = E8D7B75B21857B5000A46580 /* Project object */;
			proxyType = 1;
			remoteGlobalIDString = E8D7B76221857B5000A46580;
			remoteInfo = DoorDash;
		};
/* End PBXContainerItemProxy section */

/* Begin PBXFileReference section */
		208590C4407C860448897F43 /* Pods-DoorDash.debug.xcconfig */ = {isa = PBXFileReference; includeInIndex = 1; lastKnownFileType = text.xcconfig; name = "Pods-DoorDash.debug.xcconfig"; path = "Target Support Files/Pods-DoorDash/Pods-DoorDash.debug.xcconfig"; sourceTree = "<group>"; };
		684B1BB33D67348123B052EE /* Pods_DoorDash.framework */ = {isa = PBXFileReference; explicitFileType = wrapper.framework; includeInIndex = 0; path = Pods_DoorDash.framework; sourceTree = BUILT_PRODUCTS_DIR; };
		CBC5526CB5AD3319ABA6664D /* Pods-DoorDash.release.xcconfig */ = {isa = PBXFileReference; includeInIndex = 1; lastKnownFileType = text.xcconfig; name = "Pods-DoorDash.release.xcconfig"; path = "Target Support Files/Pods-DoorDash/Pods-DoorDash.release.xcconfig"; sourceTree = "<group>"; };
		E8408E6521881AD6009548E1 /* en */ = {isa = PBXFileReference; lastKnownFileType = text.plist.strings; name = en; path = en.lproj/Main.strings; sourceTree = "<group>"; };
		E8408E6721881B56009548E1 /* en */ = {isa = PBXFileReference; lastKnownFileType = text.plist.strings; name = en; path = en.lproj/Localizable.strings; sourceTree = "<group>"; };
		E8408E6D21882CCE009548E1 /* DoorDashTests.xctest */ = {isa = PBXFileReference; explicitFileType = wrapper.cfbundle; includeInIndex = 0; path = DoorDashTests.xctest; sourceTree = BUILT_PRODUCTS_DIR; };
		E8408E7121882CCE009548E1 /* Info.plist */ = {isa = PBXFileReference; lastKnownFileType = text.plist.xml; path = Info.plist; sourceTree = "<group>"; };
		E8C4FDE021883F8200434747 /* StoreBasicInfo.swift */ = {isa = PBXFileReference; lastKnownFileType = sourcecode.swift; path = StoreBasicInfo.swift; sourceTree = "<group>"; };
		E8C4FDE82188433500434747 /* StoreBasicInfoTests.swift */ = {isa = PBXFileReference; lastKnownFileType = sourcecode.swift; path = StoreBasicInfoTests.swift; sourceTree = "<group>"; };
		E8C4FDEB2188464D00434747 /* StoreListViewModelTests.swift */ = {isa = PBXFileReference; lastKnownFileType = sourcecode.swift; path = StoreListViewModelTests.swift; sourceTree = "<group>"; };
		E8C4FDEF21884DE600434747 /* StoreListOperationsFactory.swift */ = {isa = PBXFileReference; lastKnownFileType = sourcecode.swift; path = StoreListOperationsFactory.swift; sourceTree = "<group>"; };
		E8D7B76321857B5000A46580 /* DoorDash.app */ = {isa = PBXFileReference; explicitFileType = wrapper.application; includeInIndex = 0; path = DoorDash.app; sourceTree = BUILT_PRODUCTS_DIR; };
		E8D7B76621857B5000A46580 /* AppDelegate.swift */ = {isa = PBXFileReference; lastKnownFileType = sourcecode.swift; path = AppDelegate.swift; sourceTree = "<group>"; };
		E8D7B76821857B5000A46580 /* SearchAddressViewController.swift */ = {isa = PBXFileReference; lastKnownFileType = sourcecode.swift; path = SearchAddressViewController.swift; sourceTree = "<group>"; };
		E8D7B76B21857B5000A46580 /* Base */ = {isa = PBXFileReference; lastKnownFileType = file.storyboard; name = Base; path = Base.lproj/Main.storyboard; sourceTree = "<group>"; };
		E8D7B76D21857B5100A46580 /* Assets.xcassets */ = {isa = PBXFileReference; lastKnownFileType = folder.assetcatalog; path = Assets.xcassets; sourceTree = "<group>"; };
		E8D7B77021857B5100A46580 /* Base */ = {isa = PBXFileReference; lastKnownFileType = file.storyboard; name = Base; path = Base.lproj/LaunchScreen.storyboard; sourceTree = "<group>"; };
		E8D7B77221857B5100A46580 /* Info.plist */ = {isa = PBXFileReference; lastKnownFileType = text.plist.xml; path = Info.plist; sourceTree = "<group>"; };
		E8DFDC2D218599AD002C21E0 /* NearByStoreListViewController.swift */ = {isa = PBXFileReference; lastKnownFileType = sourcecode.swift; path = NearByStoreListViewController.swift; sourceTree = "<group>"; };
		E8DFDC3121865076002C21E0 /* StoreViewCell.swift */ = {isa = PBXFileReference; lastKnownFileType = sourcecode.swift; path = StoreViewCell.swift; sourceTree = "<group>"; };
		E8DFDC3721867AE7002C21E0 /* StoreListViewModel.swift */ = {isa = PBXFileReference; lastKnownFileType = sourcecode.swift; path = StoreListViewModel.swift; sourceTree = "<group>"; };
		E8DFDC39218681E3002C21E0 /* DoorDash-Bridging-Header.h */ = {isa = PBXFileReference; lastKnownFileType = sourcecode.c.h; path = "DoorDash-Bridging-Header.h"; sourceTree = "<group>"; };
		E8EB46502188637B0048D8FB /* StoreListOperationsFactoryTests.swift */ = {isa = PBXFileReference; lastKnownFileType = sourcecode.swift; path = StoreListOperationsFactoryTests.swift; sourceTree = "<group>"; };
/* End PBXFileReference section */

/* Begin PBXFrameworksBuildPhase section */
		E8408E6A21882CCE009548E1 /* Frameworks */ = {
			isa = PBXFrameworksBuildPhase;
			buildActionMask = 2147483647;
			files = (
			);
			runOnlyForDeploymentPostprocessing = 0;
		};
		E8D7B76021857B5000A46580 /* Frameworks */ = {
			isa = PBXFrameworksBuildPhase;
			buildActionMask = 2147483647;
			files = (
				CA0698A38E3D879F4894E9A8 /* Pods_DoorDash.framework in Frameworks */,
			);
			runOnlyForDeploymentPostprocessing = 0;
		};
/* End PBXFrameworksBuildPhase section */

/* Begin PBXGroup section */
		28DC8FF9C7F8BC648531D372 /* Pods */ = {
			isa = PBXGroup;
			children = (
				208590C4407C860448897F43 /* Pods-DoorDash.debug.xcconfig */,
				CBC5526CB5AD3319ABA6664D /* Pods-DoorDash.release.xcconfig */,
			);
			name = Pods;
			path = Pods;
			sourceTree = "<group>";
		};
		4566D09023E264F74C7BB9F8 /* Frameworks */ = {
			isa = PBXGroup;
			children = (
				684B1BB33D67348123B052EE /* Pods_DoorDash.framework */,
			);
			name = Frameworks;
			sourceTree = "<group>";
		};
		E8408E6E21882CCE009548E1 /* DoorDashTests */ = {
			isa = PBXGroup;
			children = (
				E8C4FDE221883FAA00434747 /* application */,
				E8408E7121882CCE009548E1 /* Info.plist */,
			);
			path = DoorDashTests;
			sourceTree = "<group>";
		};
		E8408E7721882E40009548E1 /* applifecycle */ = {
			isa = PBXGroup;
			children = (
				E8D7B76621857B5000A46580 /* AppDelegate.swift */,
			);
			path = applifecycle;
			sourceTree = "<group>";
		};
		E8408E7821882E66009548E1 /* resources */ = {
			isa = PBXGroup;
			children = (
			);
			path = resources;
			sourceTree = "<group>";
		};
		E8408E7921882E8C009548E1 /* application */ = {
			isa = PBXGroup;
			children = (
				E8C4FDEE21884C5700434747 /* operations */,
				E8408E7B21882ECF009548E1 /* module */,
				E8408E7A21882E96009548E1 /* bridgingheader */,
			);
			path = application;
			sourceTree = "<group>";
		};
		E8408E7A21882E96009548E1 /* bridgingheader */ = {
			isa = PBXGroup;
			children = (
				E8DFDC39218681E3002C21E0 /* DoorDash-Bridging-Header.h */,
			);
			path = bridgingheader;
			sourceTree = "<group>";
		};
		E8408E7B21882ECF009548E1 /* module */ = {
			isa = PBXGroup;
			children = (
				E8408E7D21882F1B009548E1 /* main */,
				E8408E7C21882ED8009548E1 /* search */,
			);
			path = module;
			sourceTree = "<group>";
		};
		E8408E7C21882ED8009548E1 /* search */ = {
			isa = PBXGroup;
			children = (
				E8C4FDDF21883F7400434747 /* model */,
				E8408E8121883083009548E1 /* viewcontroller */,
				E8408E802188306F009548E1 /* ui */,
				E8408E7F21883048009548E1 /* localization */,
				E8408E7E21882FFE009548E1 /* viewmodel */,
			);
			path = search;
			sourceTree = "<group>";
		};
		E8408E7D21882F1B009548E1 /* main */ = {
			isa = PBXGroup;
			children = (
				E8D7B76A21857B5000A46580 /* Main.storyboard */,
				E8D7B76F21857B5100A46580 /* LaunchScreen.storyboard */,
			);
			path = main;
			sourceTree = "<group>";
		};
		E8408E7E21882FFE009548E1 /* viewmodel */ = {
			isa = PBXGroup;
			children = (
				E8DFDC3721867AE7002C21E0 /* StoreListViewModel.swift */,
			);
			path = viewmodel;
			sourceTree = "<group>";
		};
		E8408E7F21883048009548E1 /* localization */ = {
			isa = PBXGroup;
			children = (
				E8408E6621881B56009548E1 /* Localizable.strings */,
			);
			path = localization;
			sourceTree = "<group>";
		};
		E8408E802188306F009548E1 /* ui */ = {
			isa = PBXGroup;
			children = (
				E8DFDC3121865076002C21E0 /* StoreViewCell.swift */,
			);
			path = ui;
			sourceTree = "<group>";
		};
		E8408E8121883083009548E1 /* viewcontroller */ = {
			isa = PBXGroup;
			children = (
				E8DFDC2D218599AD002C21E0 /* NearByStoreListViewController.swift */,
				E8D7B76821857B5000A46580 /* SearchAddressViewController.swift */,
			);
			path = viewcontroller;
			sourceTree = "<group>";
		};
		E8C4FDDF21883F7400434747 /* model */ = {
			isa = PBXGroup;
			children = (
				E8C4FDE021883F8200434747 /* StoreBasicInfo.swift */,
			);
			path = model;
			sourceTree = "<group>";
		};
		E8C4FDE221883FAA00434747 /* application */ = {
			isa = PBXGroup;
			children = (
				E8EB464F2188635E0048D8FB /* operations */,
				E8C4FDE321883FBC00434747 /* module */,
			);
			path = application;
			sourceTree = "<group>";
		};
		E8C4FDE321883FBC00434747 /* module */ = {
			isa = PBXGroup;
			children = (
				E8C4FDE421883FC900434747 /* search */,
			);
			path = module;
			sourceTree = "<group>";
		};
		E8C4FDE421883FC900434747 /* search */ = {
			isa = PBXGroup;
			children = (
				E8C4FDEA2188463700434747 /* viewmodel */,
				E8C4FDE521883FCF00434747 /* model */,
			);
			path = search;
			sourceTree = "<group>";
		};
		E8C4FDE521883FCF00434747 /* model */ = {
			isa = PBXGroup;
			children = (
				E8C4FDE82188433500434747 /* StoreBasicInfoTests.swift */,
			);
			path = model;
			sourceTree = "<group>";
		};
		E8C4FDEA2188463700434747 /* viewmodel */ = {
			isa = PBXGroup;
			children = (
				E8C4FDEB2188464D00434747 /* StoreListViewModelTests.swift */,
			);
			path = viewmodel;
			sourceTree = "<group>";
		};
		E8C4FDEE21884C5700434747 /* operations */ = {
			isa = PBXGroup;
			children = (
				E8C4FDEF21884DE600434747 /* StoreListOperationsFactory.swift */,
			);
			path = operations;
			sourceTree = "<group>";
		};
		E8D7B75A21857B5000A46580 = {
			isa = PBXGroup;
			children = (
				E8D7B76521857B5000A46580 /* DoorDash */,
				E8408E6E21882CCE009548E1 /* DoorDashTests */,
				E8D7B76421857B5000A46580 /* Products */,
				28DC8FF9C7F8BC648531D372 /* Pods */,
				4566D09023E264F74C7BB9F8 /* Frameworks */,
			);
			sourceTree = "<group>";
		};
		E8D7B76421857B5000A46580 /* Products */ = {
			isa = PBXGroup;
			children = (
				E8D7B76321857B5000A46580 /* DoorDash.app */,
				E8408E6D21882CCE009548E1 /* DoorDashTests.xctest */,
			);
			name = Products;
			sourceTree = "<group>";
		};
		E8D7B76521857B5000A46580 /* DoorDash */ = {
			isa = PBXGroup;
			children = (
				E8D7B77221857B5100A46580 /* Info.plist */,
				E8408E7921882E8C009548E1 /* application */,
				E8408E7821882E66009548E1 /* resources */,
				E8408E7721882E40009548E1 /* applifecycle */,
				E8D7B76D21857B5100A46580 /* Assets.xcassets */,
			);
			path = DoorDash;
			sourceTree = "<group>";
		};
		E8EB464F2188635E0048D8FB /* operations */ = {
			isa = PBXGroup;
			children = (
				E8EB46502188637B0048D8FB /* StoreListOperationsFactoryTests.swift */,
			);
			path = operations;
			sourceTree = "<group>";
		};
/* End PBXGroup section */

/* Begin PBXNativeTarget section */
		E8408E6C21882CCE009548E1 /* DoorDashTests */ = {
			isa = PBXNativeTarget;
			buildConfigurationList = E8408E7421882CCE009548E1 /* Build configuration list for PBXNativeTarget "DoorDashTests" */;
			buildPhases = (
				E8408E6921882CCE009548E1 /* Sources */,
				E8408E6A21882CCE009548E1 /* Frameworks */,
				E8408E6B21882CCE009548E1 /* Resources */,
			);
			buildRules = (
			);
			dependencies = (
				E8408E7321882CCE009548E1 /* PBXTargetDependency */,
			);
			name = DoorDashTests;
			productName = DoorDashTests;
			productReference = E8408E6D21882CCE009548E1 /* DoorDashTests.xctest */;
			productType = "com.apple.product-type.bundle.unit-test";
		};
		E8D7B76221857B5000A46580 /* DoorDash */ = {
			isa = PBXNativeTarget;
			buildConfigurationList = E8D7B77521857B5100A46580 /* Build configuration list for PBXNativeTarget "DoorDash" */;
			buildPhases = (
				59B02D0DC13FEFEEBECE6718 /* [CP] Check Pods Manifest.lock */,
				E8D7B75F21857B5000A46580 /* Sources */,
				E8D7B76021857B5000A46580 /* Frameworks */,
				E8D7B76121857B5000A46580 /* Resources */,
				319D8D5A32A46CC5D1CC7E51 /* [CP] Embed Pods Frameworks */,
			);
			buildRules = (
			);
			dependencies = (
			);
			name = DoorDash;
			productName = DoorDash;
			productReference = E8D7B76321857B5000A46580 /* DoorDash.app */;
			productType = "com.apple.product-type.application";
		};
/* End PBXNativeTarget section */

/* Begin PBXProject section */
		E8D7B75B21857B5000A46580 /* Project object */ = {
			isa = PBXProject;
			attributes = {
				LastSwiftUpdateCheck = 1000;
				LastUpgradeCheck = 1000;
				ORGANIZATIONNAME = "Adhyam Nagarajan, Padmaja";
				TargetAttributes = {
					E8408E6C21882CCE009548E1 = {
						CreatedOnToolsVersion = 10.0;
						TestTargetID = E8D7B76221857B5000A46580;
					};
					E8D7B76221857B5000A46580 = {
						CreatedOnToolsVersion = 10.0;
					};
				};
			};
			buildConfigurationList = E8D7B75E21857B5000A46580 /* Build configuration list for PBXProject "DoorDash" */;
			compatibilityVersion = "Xcode 9.3";
			developmentRegion = en;
			hasScannedForEncodings = 0;
			knownRegions = (
				en,
				Base,
			);
			mainGroup = E8D7B75A21857B5000A46580;
			productRefGroup = E8D7B76421857B5000A46580 /* Products */;
			projectDirPath = "";
			projectRoot = "";
			targets = (
				E8D7B76221857B5000A46580 /* DoorDash */,
				E8408E6C21882CCE009548E1 /* DoorDashTests */,
			);
		};
/* End PBXProject section */

/* Begin PBXResourcesBuildPhase section */
		E8408E6B21882CCE009548E1 /* Resources */ = {
			isa = PBXResourcesBuildPhase;
			buildActionMask = 2147483647;
			files = (
			);
			runOnlyForDeploymentPostprocessing = 0;
		};
		E8D7B76121857B5000A46580 /* Resources */ = {
			isa = PBXResourcesBuildPhase;
			buildActionMask = 2147483647;
			files = (
				E8D7B77121857B5100A46580 /* LaunchScreen.storyboard in Resources */,
				E8408E6821881B56009548E1 /* Localizable.strings in Resources */,
				E8D7B76E21857B5100A46580 /* Assets.xcassets in Resources */,
				E8D7B76C21857B5000A46580 /* Main.storyboard in Resources */,
			);
			runOnlyForDeploymentPostprocessing = 0;
		};
/* End PBXResourcesBuildPhase section */

/* Begin PBXShellScriptBuildPhase section */
		319D8D5A32A46CC5D1CC7E51 /* [CP] Embed Pods Frameworks */ = {
			isa = PBXShellScriptBuildPhase;
			buildActionMask = 2147483647;
			files = (
			);
			inputFileListPaths = (
			);
			inputPaths = (
				"${PODS_ROOT}/Target Support Files/Pods-DoorDash/Pods-DoorDash-frameworks.sh",
				"${BUILT_PRODUCTS_DIR}/AFNetworking/AFNetworking.framework",
			);
			name = "[CP] Embed Pods Frameworks";
			outputFileListPaths = (
			);
			outputPaths = (
				"${TARGET_BUILD_DIR}/${FRAMEWORKS_FOLDER_PATH}/AFNetworking.framework",
			);
			runOnlyForDeploymentPostprocessing = 0;
			shellPath = /bin/sh;
			shellScript = "\"${PODS_ROOT}/Target Support Files/Pods-DoorDash/Pods-DoorDash-frameworks.sh\"\n";
			showEnvVarsInLog = 0;
		};
		59B02D0DC13FEFEEBECE6718 /* [CP] Check Pods Manifest.lock */ = {
			isa = PBXShellScriptBuildPhase;
			buildActionMask = 2147483647;
			files = (
			);
			inputFileListPaths = (
			);
			inputPaths = (
				"${PODS_PODFILE_DIR_PATH}/Podfile.lock",
				"${PODS_ROOT}/Manifest.lock",
			);
			name = "[CP] Check Pods Manifest.lock";
			outputFileListPaths = (
			);
			outputPaths = (
				"$(DERIVED_FILE_DIR)/Pods-DoorDash-checkManifestLockResult.txt",
			);
			runOnlyForDeploymentPostprocessing = 0;
			shellPath = /bin/sh;
			shellScript = "diff \"${PODS_PODFILE_DIR_PATH}/Podfile.lock\" \"${PODS_ROOT}/Manifest.lock\" > /dev/null\nif [ $? != 0 ] ; then\n    # print error to STDERR\n    echo \"error: The sandbox is not in sync with the Podfile.lock. Run 'pod install' or update your CocoaPods installation.\" >&2\n    exit 1\nfi\n# This output is used by Xcode 'outputs' to avoid re-running this script phase.\necho \"SUCCESS\" > \"${SCRIPT_OUTPUT_FILE_0}\"\n";
			showEnvVarsInLog = 0;
		};
/* End PBXShellScriptBuildPhase section */

/* Begin PBXSourcesBuildPhase section */
		E8408E6921882CCE009548E1 /* Sources */ = {
			isa = PBXSourcesBuildPhase;
			buildActionMask = 2147483647;
			files = (
				E8EB46512188637B0048D8FB /* StoreListOperationsFactoryTests.swift in Sources */,
				E8C4FDEC2188464D00434747 /* StoreListViewModelTests.swift in Sources */,
				E8C4FDE92188433500434747 /* StoreBasicInfoTests.swift in Sources */,
			);
			runOnlyForDeploymentPostprocessing = 0;
		};
		E8D7B75F21857B5000A46580 /* Sources */ = {
			isa = PBXSourcesBuildPhase;
			buildActionMask = 2147483647;
			files = (
				E8C4FDF021884DE600434747 /* StoreListOperationsFactory.swift in Sources */,
				E8D7B76921857B5000A46580 /* SearchAddressViewController.swift in Sources */,
				E8DFDC2E218599AD002C21E0 /* NearByStoreListViewController.swift in Sources */,
				E8C4FDE121883F8200434747 /* StoreBasicInfo.swift in Sources */,
				E8DFDC3321865076002C21E0 /* StoreViewCell.swift in Sources */,
				E8DFDC3821867AE7002C21E0 /* StoreListViewModel.swift in Sources */,
				E8D7B76721857B5000A46580 /* AppDelegate.swift in Sources */,
			);
			runOnlyForDeploymentPostprocessing = 0;
		};
/* End PBXSourcesBuildPhase section */

/* Begin PBXTargetDependency section */
		E8408E7321882CCE009548E1 /* PBXTargetDependency */ = {
			isa = PBXTargetDependency;
			target = E8D7B76221857B5000A46580 /* DoorDash */;
			targetProxy = E8408E7221882CCE009548E1 /* PBXContainerItemProxy */;
		};
/* End PBXTargetDependency section */

/* Begin PBXVariantGroup section */
		E8408E6621881B56009548E1 /* Localizable.strings */ = {
			isa = PBXVariantGroup;
			children = (
				E8408E6721881B56009548E1 /* en */,
			);
			name = Localizable.strings;
			sourceTree = "<group>";
		};
		E8D7B76A21857B5000A46580 /* Main.storyboard */ = {
			isa = PBXVariantGroup;
			children = (
				E8D7B76B21857B5000A46580 /* Base */,
				E8408E6521881AD6009548E1 /* en */,
			);
			name = Main.storyboard;
			sourceTree = "<group>";
		};
		E8D7B76F21857B5100A46580 /* LaunchScreen.storyboard */ = {
			isa = PBXVariantGroup;
			children = (
				E8D7B77021857B5100A46580 /* Base */,
			);
			name = LaunchScreen.storyboard;
			sourceTree = "<group>";
		};
/* End PBXVariantGroup section */

/* Begin XCBuildConfiguration section */
		E8408E7521882CCE009548E1 /* Debug */ = {
			isa = XCBuildConfiguration;
			buildSettings = {
				BUNDLE_LOADER = "$(TEST_HOST)";
				CODE_SIGN_STYLE = Automatic;
				DEVELOPMENT_TEAM = 9ZCPCRWHPN;
				INFOPLIST_FILE = DoorDashTests/Info.plist;
				LD_RUNPATH_SEARCH_PATHS = (
					"$(inherited)",
					"@executable_path/Frameworks",
					"@loader_path/Frameworks",
				);
				PRODUCT_BUNDLE_IDENTIFIER = com.paypal.DoorDashTests;
				PRODUCT_NAME = "$(TARGET_NAME)";
				SWIFT_VERSION = 4.2;
				TARGETED_DEVICE_FAMILY = "1,2";
				TEST_HOST = "$(BUILT_PRODUCTS_DIR)/DoorDash.app/DoorDash";
			};
			name = Debug;
		};
		E8408E7621882CCE009548E1 /* Release */ = {
			isa = XCBuildConfiguration;
			buildSettings = {
				BUNDLE_LOADER = "$(TEST_HOST)";
				CODE_SIGN_STYLE = Automatic;
				DEVELOPMENT_TEAM = 9ZCPCRWHPN;
				INFOPLIST_FILE = DoorDashTests/Info.plist;
				LD_RUNPATH_SEARCH_PATHS = (
					"$(inherited)",
					"@executable_path/Frameworks",
					"@loader_path/Frameworks",
				);
				PRODUCT_BUNDLE_IDENTIFIER = com.paypal.DoorDashTests;
				PRODUCT_NAME = "$(TARGET_NAME)";
				SWIFT_VERSION = 4.2;
				TARGETED_DEVICE_FAMILY = "1,2";
				TEST_HOST = "$(BUILT_PRODUCTS_DIR)/DoorDash.app/DoorDash";
			};
			name = Release;
		};
		E8D7B77321857B5100A46580 /* Debug */ = {
			isa = XCBuildConfiguration;
			buildSettings = {
				ALWAYS_SEARCH_USER_PATHS = NO;
				CLANG_ANALYZER_NONNULL = YES;
				CLANG_ANALYZER_NUMBER_OBJECT_CONVERSION = YES_AGGRESSIVE;
				CLANG_CXX_LANGUAGE_STANDARD = "gnu++14";
				CLANG_CXX_LIBRARY = "libc++";
				CLANG_ENABLE_MODULES = YES;
				CLANG_ENABLE_OBJC_ARC = YES;
				CLANG_ENABLE_OBJC_WEAK = YES;
				CLANG_WARN_BLOCK_CAPTURE_AUTORELEASING = YES;
				CLANG_WARN_BOOL_CONVERSION = YES;
				CLANG_WARN_COMMA = YES;
				CLANG_WARN_CONSTANT_CONVERSION = YES;
				CLANG_WARN_DEPRECATED_OBJC_IMPLEMENTATIONS = YES;
				CLANG_WARN_DIRECT_OBJC_ISA_USAGE = YES_ERROR;
				CLANG_WARN_DOCUMENTATION_COMMENTS = YES;
				CLANG_WARN_EMPTY_BODY = YES;
				CLANG_WARN_ENUM_CONVERSION = YES;
				CLANG_WARN_INFINITE_RECURSION = YES;
				CLANG_WARN_INT_CONVERSION = YES;
				CLANG_WARN_NON_LITERAL_NULL_CONVERSION = YES;
				CLANG_WARN_OBJC_IMPLICIT_RETAIN_SELF = YES;
				CLANG_WARN_OBJC_LITERAL_CONVERSION = YES;
				CLANG_WARN_OBJC_ROOT_CLASS = YES_ERROR;
				CLANG_WARN_RANGE_LOOP_ANALYSIS = YES;
				CLANG_WARN_STRICT_PROTOTYPES = YES;
				CLANG_WARN_SUSPICIOUS_MOVE = YES;
				CLANG_WARN_UNGUARDED_AVAILABILITY = YES_AGGRESSIVE;
				CLANG_WARN_UNREACHABLE_CODE = YES;
				CLANG_WARN__DUPLICATE_METHOD_MATCH = YES;
				CODE_SIGN_IDENTITY = "iPhone Developer";
				COPY_PHASE_STRIP = NO;
				DEBUG_INFORMATION_FORMAT = dwarf;
				ENABLE_STRICT_OBJC_MSGSEND = YES;
				ENABLE_TESTABILITY = YES;
				GCC_C_LANGUAGE_STANDARD = gnu11;
				GCC_DYNAMIC_NO_PIC = NO;
				GCC_NO_COMMON_BLOCKS = YES;
				GCC_OPTIMIZATION_LEVEL = 0;
				GCC_PREPROCESSOR_DEFINITIONS = (
					"DEBUG=1",
					"$(inherited)",
				);
				GCC_WARN_64_TO_32_BIT_CONVERSION = YES;
				GCC_WARN_ABOUT_RETURN_TYPE = YES_ERROR;
				GCC_WARN_UNDECLARED_SELECTOR = YES;
				GCC_WARN_UNINITIALIZED_AUTOS = YES_AGGRESSIVE;
				GCC_WARN_UNUSED_FUNCTION = YES;
				GCC_WARN_UNUSED_VARIABLE = YES;
				IPHONEOS_DEPLOYMENT_TARGET = 12.0;
				MTL_ENABLE_DEBUG_INFO = INCLUDE_SOURCE;
				MTL_FAST_MATH = YES;
				ONLY_ACTIVE_ARCH = YES;
				SDKROOT = iphoneos;
				SWIFT_ACTIVE_COMPILATION_CONDITIONS = DEBUG;
				SWIFT_OPTIMIZATION_LEVEL = "-Onone";
			};
			name = Debug;
		};
		E8D7B77421857B5100A46580 /* Release */ = {
			isa = XCBuildConfiguration;
			buildSettings = {
				ALWAYS_SEARCH_USER_PATHS = NO;
				CLANG_ANALYZER_NONNULL = YES;
				CLANG_ANALYZER_NUMBER_OBJECT_CONVERSION = YES_AGGRESSIVE;
				CLANG_CXX_LANGUAGE_STANDARD = "gnu++14";
				CLANG_CXX_LIBRARY = "libc++";
				CLANG_ENABLE_MODULES = YES;
				CLANG_ENABLE_OBJC_ARC = YES;
				CLANG_ENABLE_OBJC_WEAK = YES;
				CLANG_WARN_BLOCK_CAPTURE_AUTORELEASING = YES;
				CLANG_WARN_BOOL_CONVERSION = YES;
				CLANG_WARN_COMMA = YES;
				CLANG_WARN_CONSTANT_CONVERSION = YES;
				CLANG_WARN_DEPRECATED_OBJC_IMPLEMENTATIONS = YES;
				CLANG_WARN_DIRECT_OBJC_ISA_USAGE = YES_ERROR;
				CLANG_WARN_DOCUMENTATION_COMMENTS = YES;
				CLANG_WARN_EMPTY_BODY = YES;
				CLANG_WARN_ENUM_CONVERSION = YES;
				CLANG_WARN_INFINITE_RECURSION = YES;
				CLANG_WARN_INT_CONVERSION = YES;
				CLANG_WARN_NON_LITERAL_NULL_CONVERSION = YES;
				CLANG_WARN_OBJC_IMPLICIT_RETAIN_SELF = YES;
				CLANG_WARN_OBJC_LITERAL_CONVERSION = YES;
				CLANG_WARN_OBJC_ROOT_CLASS = YES_ERROR;
				CLANG_WARN_RANGE_LOOP_ANALYSIS = YES;
				CLANG_WARN_STRICT_PROTOTYPES = YES;
				CLANG_WARN_SUSPICIOUS_MOVE = YES;
				CLANG_WARN_UNGUARDED_AVAILABILITY = YES_AGGRESSIVE;
				CLANG_WARN_UNREACHABLE_CODE = YES;
				CLANG_WARN__DUPLICATE_METHOD_MATCH = YES;
				CODE_SIGN_IDENTITY = "iPhone Developer";
				COPY_PHASE_STRIP = NO;
				DEBUG_INFORMATION_FORMAT = "dwarf-with-dsym";
				ENABLE_NS_ASSERTIONS = NO;
				ENABLE_STRICT_OBJC_MSGSEND = YES;
				GCC_C_LANGUAGE_STANDARD = gnu11;
				GCC_NO_COMMON_BLOCKS = YES;
				GCC_WARN_64_TO_32_BIT_CONVERSION = YES;
				GCC_WARN_ABOUT_RETURN_TYPE = YES_ERROR;
				GCC_WARN_UNDECLARED_SELECTOR = YES;
				GCC_WARN_UNINITIALIZED_AUTOS = YES_AGGRESSIVE;
				GCC_WARN_UNUSED_FUNCTION = YES;
				GCC_WARN_UNUSED_VARIABLE = YES;
				IPHONEOS_DEPLOYMENT_TARGET = 12.0;
				MTL_ENABLE_DEBUG_INFO = NO;
				MTL_FAST_MATH = YES;
				SDKROOT = iphoneos;
				SWIFT_COMPILATION_MODE = wholemodule;
				SWIFT_OPTIMIZATION_LEVEL = "-O";
				VALIDATE_PRODUCT = YES;
			};
			name = Release;
		};
		E8D7B77621857B5100A46580 /* Debug */ = {
			isa = XCBuildConfiguration;
			baseConfigurationReference = 208590C4407C860448897F43 /* Pods-DoorDash.debug.xcconfig */;
			buildSettings = {
				ASSETCATALOG_COMPILER_APPICON_NAME = AppIcon;
				CODE_SIGN_STYLE = Automatic;
				DEVELOPMENT_TEAM = 9ZCPCRWHPN;
				INFOPLIST_FILE = DoorDash/Info.plist;
				LD_RUNPATH_SEARCH_PATHS = (
					"$(inherited)",
					"@executable_path/Frameworks",
				);
				PRODUCT_BUNDLE_IDENTIFIER = com.paypal.DoorDash;
				PRODUCT_NAME = "$(TARGET_NAME)";
				SWIFT_VERSION = 4.2;
				TARGETED_DEVICE_FAMILY = "1,2";
			};
			name = Debug;
		};
		E8D7B77721857B5100A46580 /* Release */ = {
			isa = XCBuildConfiguration;
			baseConfigurationReference = CBC5526CB5AD3319ABA6664D /* Pods-DoorDash.release.xcconfig */;
			buildSettings = {
				ASSETCATALOG_COMPILER_APPICON_NAME = AppIcon;
				CODE_SIGN_STYLE = Automatic;
				DEVELOPMENT_TEAM = 9ZCPCRWHPN;
				INFOPLIST_FILE = DoorDash/Info.plist;
				LD_RUNPATH_SEARCH_PATHS = (
					"$(inherited)",
					"@executable_path/Frameworks",
				);
				PRODUCT_BUNDLE_IDENTIFIER = com.paypal.DoorDash;
				PRODUCT_NAME = "$(TARGET_NAME)";
				SWIFT_VERSION = 4.2;
				TARGETED_DEVICE_FAMILY = "1,2";
			};
			name = Release;
		};
/* End XCBuildConfiguration section */

/* Begin XCConfigurationList section */
		E8408E7421882CCE009548E1 /* Build configuration list for PBXNativeTarget "DoorDashTests" */ = {
			isa = XCConfigurationList;
			buildConfigurations = (
				E8408E7521882CCE009548E1 /* Debug */,
				E8408E7621882CCE009548E1 /* Release */,
			);
			defaultConfigurationIsVisible = 0;
			defaultConfigurationName = Release;
		};
		E8D7B75E21857B5000A46580 /* Build configuration list for PBXProject "DoorDash" */ = {
			isa = XCConfigurationList;
			buildConfigurations = (
				E8D7B77321857B5100A46580 /* Debug */,
				E8D7B77421857B5100A46580 /* Release */,
			);
			defaultConfigurationIsVisible = 0;
			defaultConfigurationName = Release;
		};
		E8D7B77521857B5100A46580 /* Build configuration list for PBXNativeTarget "DoorDash" */ = {
			isa = XCConfigurationList;
			buildConfigurations = (
				E8D7B77621857B5100A46580 /* Debug */,
				E8D7B77721857B5100A46580 /* Release */,
			);
			defaultConfigurationIsVisible = 0;
			defaultConfigurationName = Release;
		};
/* End XCConfigurationList section */
	};
	rootObject = E8D7B75B21857B5000A46580 /* Project object */;
}
